
Microsoft Visual Studio Solution File, Format Version 12.00
# Visual Studio Version 17
VisualStudioVersion = 17.8.34525.116
MinimumVisualStudioVersion = 10.0.40219.1
Project("{FAE04EC0-301F-11D3-BF4B-00C04F79EFBC}") = "DataAccess", "DataAccess\DataAccess.csproj", "{FD5DC38D-837B-4D27-B947-EB0480FD6249}"
EndProject
Project("{FAE04EC0-301F-11D3-BF4B-00C04F79EFBC}") = "Business", "Business\Business.csproj", "{5444ADE4-AE5C-4193-848A-F30C2D7F49C8}"
EndProject
Project("{FAE04EC0-301F-11D3-BF4B-00C04F79EFBC}") = "Entities", "Entities\Entities.csproj", "{84812330-2C57-4197-8E93-0CE1C0E97A26}"
EndProject
Project("{FAE04EC0-301F-11D3-BF4B-00C04F79EFBC}") = "Deneme", "Deneme\Deneme.csproj", "{424FC4C4-AB08-4317-ABB2-D7B7FEB41285}"
EndProject
Project("{FAE04EC0-301F-11D3-BF4B-00C04F79EFBC}") = "Core", "Core\Core.csproj", "{491597A1-D644-4958-946F-7778D99AADFF}"
EndProject
Project("{FAE04EC0-301F-11D3-BF4B-00C04F79EFBC}") = "WpfAppUI", "WpfAppUI\WpfAppUI.csproj", "{383B19C5-034B-475B-B01D-DC08DCF1C26B}"
EndProject
Project("{FAE04EC0-301F-11D3-BF4B-00C04F79EFBC}") = "WebAPI", "WebAPI\WebAPI.csproj", "{2FC823BF-8ABB-45B8-A3B9-069E0FBC214F}"
EndProject
Global
	GlobalSection(SolutionConfigurationPlatforms) = preSolution
		Debug|Any CPU = Debug|Any CPU
		Release|Any CPU = Release|Any CPU
	EndGlobalSection
	GlobalSection(ProjectConfigurationPlatforms) = postSolution
		{FD5DC38D-837B-4D27-B947-EB0480FD6249}.Debug|Any CPU.ActiveCfg = Debug|Any CPU
		{FD5DC38D-837B-4D27-B947-EB0480FD6249}.Debug|Any CPU.Build.0 = Debug|Any CPU
		{FD5DC38D-837B-4D27-B947-EB0480FD6249}.Release|Any CPU.ActiveCfg = Release|Any CPU
		{FD5DC38D-837B-4D27-B947-EB0480FD6249}.Release|Any CPU.Build.0 = Release|Any CPU
		{5444ADE4-AE5C-4193-848A-F30C2D7F49C8}.Debug|Any CPU.ActiveCfg = Debug|Any CPU
		{5444ADE4-AE5C-4193-848A-F30C2D7F49C8}.Debug|Any CPU.Build.0 = Debug|Any CPU
		{5444ADE4-AE5C-4193-848A-F30C2D7F49C8}.Release|Any CPU.ActiveCfg = Release|Any CPU
		{5444ADE4-AE5C-4193-848A-F30C2D7F49C8}.Release|Any CPU.Build.0 = Release|Any CPU
		{84812330-2C57-4197-8E93-0CE1C0E97A26}.Debug|Any CPU.ActiveCfg = Debug|Any CPU
		{84812330-2C57-4197-8E93-0CE1C0E97A26}.Debug|Any CPU.Build.0 = Debug|Any CPU
		{84812330-2C57-4197-8E93-0CE1C0E97A26}.Release|Any CPU.ActiveCfg = Release|Any CPU
		{84812330-2C57-4197-8E93-0CE1C0E97A26}.Release|Any CPU.Build.0 = Release|Any CPU
		{424FC4C4-AB08-4317-ABB2-D7B7FEB41285}.Debug|Any CPU.ActiveCfg = Debug|Any CPU
		{424FC4C4-AB08-4317-ABB2-D7B7FEB41285}.Debug|Any CPU.Build.0 = Debug|Any CPU
		{424FC4C4-AB08-4317-ABB2-D7B7FEB41285}.Release|Any CPU.ActiveCfg = Release|Any CPU
		{424FC4C4-AB08-4317-ABB2-D7B7FEB41285}.Release|Any CPU.Build.0 = Release|Any CPU
		{491597A1-D644-4958-946F-7778D99AADFF}.Debug|Any CPU.ActiveCfg = Debug|Any CPU
		{491597A1-D644-4958-946F-7778D99AADFF}.Debug|Any CPU.Build.0 = Debug|Any CPU
		{491597A1-D644-4958-946F-7778D99AADFF}.Release|Any CPU.ActiveCfg = Release|Any CPU
		{491597A1-D644-4958-946F-7778D99AADFF}.Release|Any CPU.Build.0 = Release|Any CPU
		{383B19C5-034B-475B-B01D-DC08DCF1C26B}.Debug|Any CPU.ActiveCfg = Debug|Any CPU
		{383B19C5-034B-475B-B01D-DC08DCF1C26B}.Debug|Any CPU.Build.0 = Debug|Any CPU
		{383B19C5-034B-475B-B01D-DC08DCF1C26B}.Release|Any CPU.ActiveCfg = Release|Any CPU
		{383B19C5-034B-475B-B01D-DC08DCF1C26B}.Release|Any CPU.Build.0 = Release|Any CPU
		{2FC823BF-8ABB-45B8-A3B9-069E0FBC214F}.Debug|Any CPU.ActiveCfg = Debug|Any CPU
		{2FC823BF-8ABB-45B8-A3B9-069E0FBC214F}.Debug|Any CPU.Build.0 = Debug|Any CPU
		{2FC823BF-8ABB-45B8-A3B9-069E0FBC214F}.Release|Any CPU.ActiveCfg = Release|Any CPU
		{2FC823BF-8ABB-45B8-A3B9-069E0FBC214F}.Release|Any CPU.Build.0 = Release|Any CPU
	EndGlobalSection
	GlobalSection(SolutionProperties) = preSolution
		HideSolutionNode = FALSE
	EndGlobalSection
	GlobalSection(ExtensibilityGlobals) = postSolution
		SolutionGuid = {83386631-E889-4A24-AADA-3A614CD3D811}
	EndGlobalSection
EndGlobal
